// !$*UTF8*$!
{
	archiveVersion = 1;
	classes = {
	};
	objectVersion = 46;
	objects = {

/* Begin PBXBuildFile section */
		BCAF08531D72B2B300BE34B4 /* AppDelegate.swift in Sources */ = {isa = PBXBuildFile; fileRef = BCAF08521D72B2B300BE34B4 /* AppDelegate.swift */; };
		BCAF08551D72B2B300BE34B4 /* ViewController.swift in Sources */ = {isa = PBXBuildFile; fileRef = BCAF08541D72B2B300BE34B4 /* ViewController.swift */; };
		BCAF08581D72B2B300BE34B4 /* Main.storyboard in Resources */ = {isa = PBXBuildFile; fileRef = BCAF08561D72B2B300BE34B4 /* Main.storyboard */; };
		BCAF085A1D72B2B300BE34B4 /* Assets.xcassets in Resources */ = {isa = PBXBuildFile; fileRef = BCAF08591D72B2B300BE34B4 /* Assets.xcassets */; };
		BCAF085D1D72B2B300BE34B4 /* LaunchScreen.storyboard in Resources */ = {isa = PBXBuildFile; fileRef = BCAF085B1D72B2B300BE34B4 /* LaunchScreen.storyboard */; };
/* End PBXBuildFile section */

/* Begin PBXFileReference section */
		BCAF084F1D72B2B300BE34B4 /* guess_number.app */ = {isa = PBXFileReference; explicitFileType = wrapper.application; includeInIndex = 0; path = guess_number.app; sourceTree = BUILT_PRODUCTS_DIR; };
		BCAF08521D72B2B300BE34B4 /* AppDelegate.swift */ = {isa = PBXFileReference; lastKnownFileType = sourcecode.swift; path = AppDelegate.swift; sourceTree = "<group>"; };
		BCAF08541D72B2B300BE34B4 /* ViewController.swift */ = {isa = PBXFileReference; lastKnownFileType = sourcecode.swift; path = ViewController.swift; sourceTree = "<group>"; };
		BCAF08571D72B2B300BE34B4 /* Base */ = {isa = PBXFileReference; lastKnownFileType = file.storyboard; name = Base; path = Base.lproj/Main.storyboard; sourceTree = "<group>"; };
		BCAF08591D72B2B300BE34B4 /* Assets.xcassets */ = {isa = PBXFileReference; lastKnownFileType = folder.assetcatalog; path = Assets.xcassets; sourceTree = "<group>"; };
		BCAF085C1D72B2B300BE34B4 /* Base */ = {isa = PBXFileReference; lastKnownFileType = file.storyboard; name = Base; path = Base.lproj/LaunchScreen.storyboard; sourceTree = "<group>"; };
		BCAF085E1D72B2B300BE34B4 /* Info.plist */ = {isa = PBXFileReference; lastKnownFileType = text.plist.xml; path = Info.plist; sourceTree = "<group>"; };
/* End PBXFileReference section */

/* Begin PBXFrameworksBuildPhase section */
		BCAF084C1D72B2B300BE34B4 /* Frameworks */ = {
			isa = PBXFrameworksBuildPhase;
			buildActionMask = 2147483647;
			files = (
			);
			runOnlyForDeploymentPostprocessing = 0;
		};
/* End PBXFrameworksBuildPhase section */

/* Begin PBXGroup section */
		BCAF08461D72B2B300BE34B4 = {
			isa = PBXGroup;
			children = (
				BCAF08511D72B2B300BE34B4 /* guess_number */,
				BCAF08501D72B2B300BE34B4 /* Products */,
			);
			sourceTree = "<group>";
		};
		BCAF08501D72B2B300BE34B4 /* Products */ = {
			isa = PBXGroup;
			children = (
				BCAF084F1D72B2B300BE34B4 /* guess_number.app */,
			);
			name = Products;
			sourceTree = "<group>";
		};
		BCAF08511D72B2B300BE34B4 /* guess_number */ = {
			isa = PBXGroup;
			children = (
				BCAF08521D72B2B300BE34B4 /* AppDelegate.swift */,
				BCAF08541D72B2B300BE34B4 /* ViewController.swift */,
				BCAF08561D72B2B300BE34B4 /* Main.storyboard */,
				BCAF08591D72B2B300BE34B4 /* Assets.xcassets */,
				BCAF085B1D72B2B300BE34B4 /* LaunchScreen.storyboard */,
				BCAF085E1D72B2B300BE34B4 /* Info.plist */,
			);
			path = guess_number;
			sourceTree = "<group>";
		};
/* End PBXGroup section */

/* Begin PBXNativeTarget section */
		BCAF084E1D72B2B300BE34B4 /* guess_number */ = {
			isa = PBXNativeTarget;
			buildConfigurationList = BCAF08611D72B2B300BE34B4 /* Build configuration list for PBXNativeTarget "guess_number" */;
			buildPhases = (
				BCAF084B1D72B2B300BE34B4 /* Sources */,
				BCAF084C1D72B2B300BE34B4 /* Frameworks */,
				BCAF084D1D72B2B300BE34B4 /* Resources */,
			);
			buildRules = (
			);
			dependencies = (
			);
			name = guess_number;
			productName = guess_number;
			productReference = BCAF084F1D72B2B300BE34B4 /* guess_number.app */;
			productType = "com.apple.product-type.application";
		};
/* End PBXNativeTarget section */

/* Begin PBXProject section */
		BCAF08471D72B2B300BE34B4 /* Project object */ = {
			isa = PBXProject;
			attributes = {
				LastSwiftUpdateCheck = 0720;
				LastUpgradeCheck = 0800;
				ORGANIZATIONNAME = "zero plus";
				TargetAttributes = {
					BCAF084E1D72B2B300BE34B4 = {
						CreatedOnToolsVersion = 7.2;
						LastSwiftMigration = 0800;
					};
				};
			};
			buildConfigurationList = BCAF084A1D72B2B300BE34B4 /* Build configuration list for PBXProject "guess_number" */;
			compatibilityVersion = "Xcode 3.2";
			developmentRegion = English;
			hasScannedForEncodings = 0;
			knownRegions = (
				en,
				Base,
			);
			mainGroup = BCAF08461D72B2B300BE34B4;
			productRefGroup = BCAF08501D72B2B300BE34B4 /* Products */;
			projectDirPath = "";
			projectRoot = "";
			targets = (
				BCAF084E1D72B2B300BE34B4 /* guess_number */,
			);
		};
/* End PBXProject section */

/* Begin PBXResourcesBuildPhase section */
		BCAF084D1D72B2B300BE34B4 /* Resources */ = {
			isa = PBXResourcesBuildPhase;
			buildActionMask = 2147483647;
			files = (
				BCAF085D1D72B2B300BE34B4 /* LaunchScreen.storyboard in Resources */,
				BCAF085A1D72B2B300BE34B4 /* Assets.xcassets in Resources */,
				BCAF08581D72B2B300BE34B4 /* Main.storyboard in Resources */,
			);
			runOnlyForDeploymentPostprocessing = 0;
		};
/* End PBXResourcesBuildPhase section */

/* Begin PBXSourcesBuildPhase section */
		BCAF084B1D72B2B300BE34B4 /* Sources */ = {
			isa = PBXSourcesBuildPhase;
			buildActionMask = 2147483647;
			files = (
				BCAF08551D72B2B300BE34B4 /* ViewController.swift in Sources */,
				BCAF08531D72B2B300BE34B4 /* AppDelegate.swift in Sources */,
			);
			runOnlyForDeploymentPostprocessing = 0;
		};
/* End PBXSourcesBuildPhase section */

/* Begin PBXVariantGroup section */
		BCAF08561D72B2B300BE34B4 /* Main.storyboard */ = {
			isa = PBXVariantGroup;
			children = (
				BCAF08571D72B2B300BE34B4 /* Base */,
			);
			name = Main.storyboard;
			sourceTree = "<group>";
		};
		BCAF085B1D72B2B300BE34B4 /* LaunchScreen.storyboard */ = {
			isa = PBXVariantGroup;
			children = (
				BCAF085C1D72B2B300BE34B4 /* Base */,
			);
			name = LaunchScreen.storyboard;
			sourceTree = "<group>";
		};
/* End PBXVariantGroup section */

/* Begin XCBuildConfiguration section */
		BCAF085F1D72B2B300BE34B4 /* Debug */ = {
			isa = XCBuildConfiguration;
			buildSettings = {
				ALWAYS_SEARCH_USER_PATHS = NO;
				CLANG_CXX_LANGUAGE_STANDARD = "gnu++0x";
				CLANG_CXX_LIBRARY = "libc++";
				CLANG_ENABLE_MODULES = YES;
				CLANG_ENABLE_OBJC_ARC = YES;
				CLANG_WARN_BOOL_CONVERSION = YES;
				CLANG_WARN_CONSTANT_CONVERSION = YES;
				CLANG_WARN_DIRECT_OBJC_ISA_USAGE = YES_ERROR;
				CLANG_WARN_EMPTY_BODY = YES;
				CLANG_WARN_ENUM_CONVERSION = YES;
				CLANG_WARN_INFINITE_RECURSION = YES;
				CLANG_WARN_INT_CONVERSION = YES;
				CLANG_WARN_OBJC_ROOT_CLASS = YES_ERROR;
				CLANG_WARN_SUSPICIOUS_MOVE = YES;
				CLANG_WARN_UNREACHABLE_CODE = YES;
				CLANG_WARN__DUPLICATE_METHOD_MATCH = YES;
				"CODE_SIGN_IDENTITY[sdk=iphoneos*]" = "iPhone Developer";
				COPY_PHASE_STRIP = NO;
				DEBUG_INFORMATION_FORMAT = dwarf;
				ENABLE_STRICT_OBJC_MSGSEND = YES;
				ENABLE_TESTABILITY = YES;
				GCC_C_LANGUAGE_STANDARD = gnu99;
				GCC_DYNAMIC_NO_PIC = NO;
				GCC_NO_COMMON_BLOCKS = YES;
				GCC_OPTIMIZATION_LEVEL = 0;
				GCC_PREPROCESSOR_DEFINITIONS = (
					"DEBUG=1",
					"$(inherited)",
				);
				GCC_WARN_64_TO_32_BIT_CONVERSION = YES;
				GCC_WARN_ABOUT_RETURN_TYPE = YES_ERROR;
				GCC_WARN_UNDECLARED_SELECTOR = YES;
				GCC_WARN_UNINITIALIZED_AUTOS = YES_AGGRESSIVE;
				GCC_WARN_UNUSED_FUNCTION = YES;
				GCC_WARN_UNUSED_VARIABLE = YES;
				IPHONEOS_DEPLOYMENT_TARGET = 9.2;
				MTL_ENABLE_DEBUG_INFO = YES;
				ONLY_ACTIVE_ARCH = YES;
				SDKROOT = iphoneos;
				SWIFT_OPTIMIZATION_LEVEL = "-Onone";
			};
			name = Debug;
		};
		BCAF08601D72B2B300BE34B4 /* Release */ = {
			isa = XCBuildConfiguration;
			buildSettings = {
				ALWAYS_SEARCH_USER_PATHS = NO;
				CLANG_CXX_LANGUAGE_STANDARD = "gnu++0x";
				CLANG_CXX_LIBRARY = "libc++";
				CLANG_ENABLE_MODULES = YES;
				CLANG_ENABLE_OBJC_ARC = YES;
				CLANG_WARN_BOOL_CONVERSION = YES;
				CLANG_WARN_CONSTANT_CONVERSION = YES;
				CLANG_WARN_DIRECT_OBJC_ISA_USAGE = YES_ERROR;
				CLANG_WARN_EMPTY_BODY = YES;
				CLANG_WARN_ENUM_CONVERSION = YES;
				CLANG_WARN_INFINITE_RECURSION = YES;
				CLANG_WARN_INT_CONVERSION = YES;
				CLANG_WARN_OBJC_ROOT_CLASS = YES_ERROR;
				CLANG_WARN_SUSPICIOUS_MOVE = YES;
				CLANG_WARN_UNREACHABLE_CODE = YES;
				CLANG_WARN__DUPLICATE_METHOD_MATCH = YES;
				"CODE_SIGN_IDENTITY[sdk=iphoneos*]" = "iPhone Developer";
				COPY_PHASE_STRIP = NO;
				DEBUG_INFORMATION_FORMAT = "dwarf-with-dsym";
				ENABLE_NS_ASSERTIONS = NO;
				ENABLE_STRICT_OBJC_MSGSEND = YES;
				GCC_C_LANGUAGE_STANDARD = gnu99;
				GCC_NO_COMMON_BLOCKS = YES;
				GCC_WARN_64_TO_32_BIT_CONVERSION = YES;
				GCC_WARN_ABOUT_RETURN_TYPE = YES_ERROR;
				GCC_WARN_UNDECLARED_SELECTOR = YES;
				GCC_WARN_UNINITIALIZED_AUTOS = YES_AGGRESSIVE;
				GCC_WARN_UNUSED_FUNCTION = YES;
				GCC_WARN_UNUSED_VARIABLE = YES;
				IPHONEOS_DEPLOYMENT_TARGET = 9.2;
				MTL_ENABLE_DEBUG_INFO = NO;
				SDKROOT = iphoneos;
				SWIFT_OPTIMIZATION_LEVEL = "-Owholemodule";
				VALIDATE_PRODUCT = YES;
			};
			name = Release;
		};
		BCAF08621D72B2B300BE34B4 /* Debug */ = {
			isa = XCBuildConfiguration;
			buildSettings = {
				ASSETCATALOG_COMPILER_APPICON_NAME = AppIcon;
				INFOPLIST_FILE = guess_number/Info.plist;
				LD_RUNPATH_SEARCH_PATHS = "$(inherited) @executable_path/Frameworks";
				PRODUCT_BUNDLE_IDENTIFIER = "com.wow.guess-number";
				PRODUCT_NAME = "$(TARGET_NAME)";
				SWIFT_VERSION = 3.0;
			};
			name = Debug;
		};
		BCAF08631D72B2B300BE34B4 /* Release */ = {
			isa = XCBuildConfiguration;
			buildSettings = {
				ASSETCATALOG_COMPILER_APPICON_NAME = AppIcon;
				INFOPLIST_FILE = guess_number/Info.plist;
				LD_RUNPATH_SEARCH_PATHS = "$(inherited) @executable_path/Frameworks";
				PRODUCT_BUNDLE_IDENTIFIER = "com.wow.guess-number";
				PRODUCT_NAME = "$(TARGET_NAME)";
				SWIFT_VERSION = 3.0;
			};
			name = Release;
		};
/* End XCBuildConfiguration section */

/* Begin XCConfigurationList section */
		BCAF084A1D72B2B300BE34B4 /* Build configuration list for PBXProject "guess_number" */ = {
			isa = XCConfigurationList;
			buildConfigurations = (
				BCAF085F1D72B2B300BE34B4 /* Debug */,
				BCAF08601D72B2B300BE34B4 /* Release */,
			);
			defaultConfigurationIsVisible = 0;
			defaultConfigurationName = Release;
		};
		BCAF08611D72B2B300BE34B4 /* Build configuration list for PBXNativeTarget "guess_number" */ = {
			isa = XCConfigurationList;
			buildConfigurations = (
				BCAF08621D72B2B300BE34B4 /* Debug */,
				BCAF08631D72B2B300BE34B4 /* Release */,
			);
			defaultConfigurationIsVisible = 0;
			defaultConfigurationName = Release;
		};
/* End XCConfigurationList section */
	};
	rootObject = BCAF08471D72B2B300BE34B4 /* Project object */;
}
